lockfileVersion: '9.0'

settings:
  autoInstallPeers: true
  excludeLinksFromLockfile: false

importers:

  .:
    dependencies:
      '@formily/react':
        specifier: ^2.3.2
        version: 2.3.2(react-dom@19.0.0(react@19.0.0))(react-is@16.13.1)(react@19.0.0)(typescript@5.7.3)
      react:
        specifier: ^19.0.0
        version: 19.0.0
      react-dom:
        specifier: ^19.0.0
        version: 19.0.0(react@19.0.0)
    devDependencies:
      typescript:
        specifier: ^5.7.2
        version: 5.7.3

packages:

  '@formily/core@2.3.2':
    resolution: {integrity: sha512-qS02mKWDRdm5IYnx3b6L4i/i7oFEBbVotF6B3xdqgbkeSjdzSz81/aJnEr0Sbi3yCgh1FhA0x+QKkpWnE8/GDQ==}
    engines: {npm: '>=3.0.0'}

  '@formily/json-schema@2.3.2':
    resolution: {integrity: sha512-DFsdrbxFvdxUtrD5mVRb8USUWJV6KkhSiz83wxA779lgntGDLrwuE0DI2dVg8Vm4dZsK79iB+XhWidaNqH41fQ==}
    engines: {npm: '>=3.0.0'}
    peerDependencies:
      typescript: '>4.1.5'

  '@formily/path@2.3.2':
    resolution: {integrity: sha512-KK8h/CupHOs4HIgu9JucqwWvIr8Nbmof++Kby0NdNFHdTN5nAyVzStS8VEPFPGRkQaXV3AH+FVGAxgucmEy4ZA==}
    engines: {npm: '>=3.0.0'}

  '@formily/react@2.3.2':
    resolution: {integrity: sha512-p0jCtX2K9b2/OUdXcDGJhRX4gU4zGFXg1uOYd49iqV1EP+XhRa/4OGAz7QMnUP0K/3FVLboqbQS2nMOKY1rrPg==}
    engines: {npm: '>=3.0.0'}
    peerDependencies:
      '@types/react': '>=16.8.0'
      '@types/react-dom': '>=16.8.0'
      react: '>=16.8.0'
      react-dom: '>=16.8.0'
      react-is: '>=16.8.0'
    peerDependenciesMeta:
      '@types/react':
        optional: true
      '@types/react-dom':
        optional: true

  '@formily/reactive-react@2.3.2':
    resolution: {integrity: sha512-SdlKSDbUzgddasDnuUugWR02AGC426jHhc7UJuUU1W4ORAuYQunqdMu7xB7/aF4OAVCw4j6KECQtIPo4kftkFg==}
    engines: {npm: '>=3.0.0'}
    peerDependencies:
      '@types/react': '>=16.8.0'
      '@types/react-dom': '>=16.8.0'
      react: '>=16.8.0'
      react-dom: '>=16.8.0'
      react-is: '>=16.8.0'
    peerDependenciesMeta:
      '@types/react':
        optional: true
      '@types/react-dom':
        optional: true

  '@formily/reactive@2.3.2':
    resolution: {integrity: sha512-fw9EBWyBNSo3d1diX+HW3v6fBYqmn5zRM+L8le03XGft847LaajCYkjXiZXSzj7v8U4qzjhURIcqVYgmi4OW8g==}
    engines: {npm: '>=3.0.0'}

  '@formily/shared@2.3.2':
    resolution: {integrity: sha512-hb8eL28Dqe4WQzGtxC3h7OwG9VPPBXtfKUfmnRkaBMJ8zn2KmdYOP8YnAkwdO2ZMgxtkOl0hku0Ufm2PwP3ziA==}
    engines: {npm: '>=3.0.0'}

  '@formily/validator@2.3.2':
    resolution: {integrity: sha512-XoY31kUypHB8MIw9jhp/Pb0fDFan5wPhR9Hgz/HiTPUdpg8l7kxzHRMZieqtL4YbtFzJD4wpk1+XrylILpPGYg==}
    engines: {npm: '>=3.0.0'}

  camel-case@4.1.2:
    resolution: {integrity: sha512-gxGWBrTT1JuMx6R+o5PTXMmUnhnVzLQ9SNutD4YqKtI6ap897t3tKECYla6gCWEkplXnlNybEkZg9GEGxKFCgw==}

  dot-case@3.0.4:
    resolution: {integrity: sha512-Kv5nKlh6yRrdrGvxeJ2e5y2eRUpkUosIW4A2AS38zwSz27zu7ufDwQPi5Jhs3XAlGNetl3bmnGhQsMtkKJnj3w==}

  hoist-non-react-statics@3.3.2:
    resolution: {integrity: sha512-/gGivxi8JPKWNm/W0jSmzcMPpfpPLc3dY/6GxhX2hQ9iGj3aDfklV4ET7NjKpSinLpJ5vafa9iiGIEZg10SfBw==}

  lower-case@2.0.2:
    resolution: {integrity: sha512-7fm3l3NAF9WfN6W3JOmf5drwpVqX78JtoGJ3A6W0a6ZnldM41w2fV5D490psKFTpMds8TJse/eHLFFsNHHjHgg==}

  no-case@3.0.4:
    resolution: {integrity: sha512-fgAN3jGAh+RoxUGZHTSOLJIqUc2wmoBwGR4tbpNAKmmovFoWq0OdRkb0VkldReO2a2iBT/OEulG9XSUc10r3zg==}

  param-case@3.0.4:
    resolution: {integrity: sha512-RXlj7zCYokReqWpOPH9oYivUzLYZ5vAPIfEmCTNViosC78F8F0H9y7T7gG2M39ymgutxF5gcFEsyZQSph9Bp3A==}

  pascal-case@3.1.2:
    resolution: {integrity: sha512-uWlGT3YSnK9x3BQJaOdcZwrnV6hPpd8jFH1/ucpiLRPh/2zCVJKS19E4GvYHvaCcACn3foXZ0cLB9Wrx1KGe5g==}

  react-dom@19.0.0:
    resolution: {integrity: sha512-4GV5sHFG0e/0AD4X+ySy6UJd3jVl1iNsNHdpad0qhABJ11twS3TTBnseqsKurKcsNqCEFeGL3uLpVChpIO3QfQ==}
    peerDependencies:
      react: ^19.0.0

  react-is@16.13.1:
    resolution: {integrity: sha512-24e6ynE2H+OKt4kqsOvNd8kBpV65zoxbA4BVsEOB3ARVWQki/DHzaUoC5KuON/BiccDaCCTZBuOcfZs70kR8bQ==}

  react@19.0.0:
    resolution: {integrity: sha512-V8AVnmPIICiWpGfm6GLzCR/W5FXLchHop40W4nXBmdlEceh16rCN8O8LNWm5bh5XUX91fh7KpA+W0TgMKmgTpQ==}
    engines: {node: '>=0.10.0'}

  scheduler@0.25.0:
    resolution: {integrity: sha512-xFVuu11jh+xcO7JOAGJNOXld8/TcEHK/4CituBUeUb5hqxJLj9YuemAEuvm9gQ/+pgXYfbQuqAkiYu+u7YEsNA==}

  tslib@2.8.1:
    resolution: {integrity: sha512-oJFu94HQb+KVduSUQL7wnpmqnfmLsOA/nAh6b6EH0wCEoK0/mPeXU6c3wKDV83MkOuHPRHtSXKKU99IBazS/2w==}

  typescript@5.7.3:
    resolution: {integrity: sha512-84MVSjMEHP+FQRPy3pX9sTVV/INIex71s9TL2Gm5FG/WG1SqXeKyZ0k7/blY/4FdOzI12CBy1vGc4og/eus0fw==}
    engines: {node: '>=14.17'}
    hasBin: true

  upper-case@2.0.2:
    resolution: {integrity: sha512-KgdgDGJt2TpuwBUIjgG6lzw2GWFRCW9Qkfkiv0DxqHHLYJHmtmdUIKcZd8rHgFSjopVTlw6ggzCm1b8MFQwikg==}

snapshots:

  '@formily/core@2.3.2':
    dependencies:
      '@formily/reactive': 2.3.2
      '@formily/shared': 2.3.2
      '@formily/validator': 2.3.2

  '@formily/json-schema@2.3.2(typescript@5.7.3)':
    dependencies:
      '@formily/core': 2.3.2
      '@formily/reactive': 2.3.2
      '@formily/shared': 2.3.2
      typescript: 5.7.3

  '@formily/path@2.3.2': {}

  '@formily/react@2.3.2(react-dom@19.0.0(react@19.0.0))(react-is@16.13.1)(react@19.0.0)(typescript@5.7.3)':
    dependencies:
      '@formily/core': 2.3.2
      '@formily/json-schema': 2.3.2(typescript@5.7.3)
      '@formily/reactive': 2.3.2
      '@formily/reactive-react': 2.3.2(react-dom@19.0.0(react@19.0.0))(react-is@16.13.1)(react@19.0.0)
      '@formily/shared': 2.3.2
      '@formily/validator': 2.3.2
      hoist-non-react-statics: 3.3.2
      react: 19.0.0
      react-dom: 19.0.0(react@19.0.0)
      react-is: 16.13.1
    transitivePeerDependencies:
      - typescript

  '@formily/reactive-react@2.3.2(react-dom@19.0.0(react@19.0.0))(react-is@16.13.1)(react@19.0.0)':
    dependencies:
      '@formily/reactive': 2.3.2
      hoist-non-react-statics: 3.3.2
      react: 19.0.0
      react-dom: 19.0.0(react@19.0.0)
      react-is: 16.13.1

  '@formily/reactive@2.3.2': {}

  '@formily/shared@2.3.2':
    dependencies:
      '@formily/path': 2.3.2
      camel-case: 4.1.2
      lower-case: 2.0.2
      no-case: 3.0.4
      param-case: 3.0.4
      pascal-case: 3.1.2
      upper-case: 2.0.2

  '@formily/validator@2.3.2':
    dependencies:
      '@formily/shared': 2.3.2

  camel-case@4.1.2:
    dependencies:
      pascal-case: 3.1.2
      tslib: 2.8.1

  dot-case@3.0.4:
    dependencies:
      no-case: 3.0.4
      tslib: 2.8.1

  hoist-non-react-statics@3.3.2:
    dependencies:
      react-is: 16.13.1

  lower-case@2.0.2:
    dependencies:
      tslib: 2.8.1

  no-case@3.0.4:
    dependencies:
      lower-case: 2.0.2
      tslib: 2.8.1

  param-case@3.0.4:
    dependencies:
      dot-case: 3.0.4
      tslib: 2.8.1

  pascal-case@3.1.2:
    dependencies:
      no-case: 3.0.4
      tslib: 2.8.1

  react-dom@19.0.0(react@19.0.0):
    dependencies:
      react: 19.0.0
      scheduler: 0.25.0

  react-is@16.13.1: {}

  react@19.0.0: {}

  scheduler@0.25.0: {}

  tslib@2.8.1: {}

  typescript@5.7.3: {}

  upper-case@2.0.2:
    dependencies:
      tslib: 2.8.1
